
Microsoft Visual Studio Solution File, Format Version 12.00
# Visual Studio Version 17
VisualStudioVersion = 17.5.33414.496
MinimumVisualStudioVersion = 10.0.40219.1
Project("{9A19103F-16F7-4668-BE54-9A1E7A4F7556}") = "vistaLogin", "vistaWf\vistaLogin.csproj", "{B3027A2E-F08C-4C3E-BA53-A5FF8176AE26}"
EndProject
Project("{FAE04EC0-301F-11D3-BF4B-00C04F79EFBC}") = "Entidades", "Entidades\Entidades.csproj", "{782912CB-BF6A-4000-9E31-878EE7BD0162}"
EndProject
Project("{FAE04EC0-301F-11D3-BF4B-00C04F79EFBC}") = "Testing", "Testing\Testing.csproj", "{C3A84F77-75A4-44B7-9D68-A73D844DCBAB}"
EndProject
Global
	GlobalSection(SolutionConfigurationPlatforms) = preSolution
		Debug|Any CPU = Debug|Any CPU
		Release|Any CPU = Release|Any CPU
	EndGlobalSection
	GlobalSection(ProjectConfigurationPlatforms) = postSolution
		{B3027A2E-F08C-4C3E-BA53-A5FF8176AE26}.Debug|Any CPU.ActiveCfg = Debug|Any CPU
		{B3027A2E-F08C-4C3E-BA53-A5FF8176AE26}.Debug|Any CPU.Build.0 = Debug|Any CPU
		{B3027A2E-F08C-4C3E-BA53-A5FF8176AE26}.Release|Any CPU.ActiveCfg = Release|Any CPU
		{B3027A2E-F08C-4C3E-BA53-A5FF8176AE26}.Release|Any CPU.Build.0 = Release|Any CPU
		{782912CB-BF6A-4000-9E31-878EE7BD0162}.Debug|Any CPU.ActiveCfg = Debug|Any CPU
		{782912CB-BF6A-4000-9E31-878EE7BD0162}.Debug|Any CPU.Build.0 = Debug|Any CPU
		{782912CB-BF6A-4000-9E31-878EE7BD0162}.Release|Any CPU.ActiveCfg = Release|Any CPU
		{782912CB-BF6A-4000-9E31-878EE7BD0162}.Release|Any CPU.Build.0 = Release|Any CPU
		{C3A84F77-75A4-44B7-9D68-A73D844DCBAB}.Debug|Any CPU.ActiveCfg = Debug|Any CPU
		{C3A84F77-75A4-44B7-9D68-A73D844DCBAB}.Debug|Any CPU.Build.0 = Debug|Any CPU
		{C3A84F77-75A4-44B7-9D68-A73D844DCBAB}.Release|Any CPU.ActiveCfg = Release|Any CPU
		{C3A84F77-75A4-44B7-9D68-A73D844DCBAB}.Release|Any CPU.Build.0 = Release|Any CPU
	EndGlobalSection
	GlobalSection(SolutionProperties) = preSolution
		HideSolutionNode = FALSE
	EndGlobalSection
	GlobalSection(ExtensibilityGlobals) = postSolution
		SolutionGuid = {927C2408-12AD-4383-909D-A19F7C8CA422}
	EndGlobalSection
EndGlobal
